// !$*UTF8*$!
{
	archiveVersion = 1;
	classes = {
	};
	objectVersion = 46;
	objects = {

/* Begin PBXBuildFile section */
		9E83AFC46EF507E365578BFB /* Pods_FinParcer.framework in Frameworks */ = {isa = PBXBuildFile; fileRef = B643C57DB3BD3A3A06BCF45D /* Pods_FinParcer.framework */; };
		FA25E4EE1D362CBC00D0A634 /* DataInfo.swift in Sources */ = {isa = PBXBuildFile; fileRef = FA25E4ED1D362CBC00D0A634 /* DataInfo.swift */; };
		FA25E4F11D36520000D0A634 /* CustomCell.swift in Sources */ = {isa = PBXBuildFile; fileRef = FA25E4F01D36520000D0A634 /* CustomCell.swift */; };
		FA25E4F51D365A0500D0A634 /* CurrencyView.swift in Sources */ = {isa = PBXBuildFile; fileRef = FA25E4F41D365A0500D0A634 /* CurrencyView.swift */; };
		FA2B40951D48BDD40037C631 /* MapController.swift in Sources */ = {isa = PBXBuildFile; fileRef = FA2B40941D48BDD40037C631 /* MapController.swift */; };
		FA2B40971D48BE850037C631 /* MapKit.framework in Frameworks */ = {isa = PBXBuildFile; fileRef = FA2B40961D48BE850037C631 /* MapKit.framework */; };
		FA44A7A31D3CF98400CDA0BA /* BankInfoController.swift in Sources */ = {isa = PBXBuildFile; fileRef = FA44A7A21D3CF98400CDA0BA /* BankInfoController.swift */; };
		FA44A7A51D3CFB8F00CDA0BA /* Fin33API.swift in Sources */ = {isa = PBXBuildFile; fileRef = FA44A7A41D3CFB8F00CDA0BA /* Fin33API.swift */; };
		FA951BEF1D34363500B72E51 /* AppDelegate.swift in Sources */ = {isa = PBXBuildFile; fileRef = FA951BEE1D34363500B72E51 /* AppDelegate.swift */; };
		FA951BF11D34363500B72E51 /* ViewController.swift in Sources */ = {isa = PBXBuildFile; fileRef = FA951BF01D34363500B72E51 /* ViewController.swift */; };
		FA951BF41D34363500B72E51 /* Main.storyboard in Resources */ = {isa = PBXBuildFile; fileRef = FA951BF21D34363500B72E51 /* Main.storyboard */; };
		FA951BF91D34363500B72E51 /* LaunchScreen.storyboard in Resources */ = {isa = PBXBuildFile; fileRef = FA951BF71D34363500B72E51 /* LaunchScreen.storyboard */; };
		FAC678F81D4A0DCB00FC5507 /* CustomAnnotation.swift in Sources */ = {isa = PBXBuildFile; fileRef = FAC678F71D4A0DCB00FC5507 /* CustomAnnotation.swift */; };
		FAC678FA1D4A177300FC5507 /* Media.xcassets in Resources */ = {isa = PBXBuildFile; fileRef = FAC678F91D4A177300FC5507 /* Media.xcassets */; };
/* End PBXBuildFile section */

/* Begin PBXFileReference section */
		07DFC73FBE5D670721045CF2 /* Pods-FinParcer.debug.xcconfig */ = {isa = PBXFileReference; includeInIndex = 1; lastKnownFileType = text.xcconfig; name = "Pods-FinParcer.debug.xcconfig"; path = "Pods/Target Support Files/Pods-FinParcer/Pods-FinParcer.debug.xcconfig"; sourceTree = "<group>"; };
		5DAD4A683FAD13FB0004EDE7 /* Pods-FinParcer.release.xcconfig */ = {isa = PBXFileReference; includeInIndex = 1; lastKnownFileType = text.xcconfig; name = "Pods-FinParcer.release.xcconfig"; path = "Pods/Target Support Files/Pods-FinParcer/Pods-FinParcer.release.xcconfig"; sourceTree = "<group>"; };
		B643C57DB3BD3A3A06BCF45D /* Pods_FinParcer.framework */ = {isa = PBXFileReference; explicitFileType = wrapper.framework; includeInIndex = 0; path = Pods_FinParcer.framework; sourceTree = BUILT_PRODUCTS_DIR; };
		FA25E4ED1D362CBC00D0A634 /* DataInfo.swift */ = {isa = PBXFileReference; fileEncoding = 4; lastKnownFileType = sourcecode.swift; path = DataInfo.swift; sourceTree = "<group>"; };
		FA25E4F01D36520000D0A634 /* CustomCell.swift */ = {isa = PBXFileReference; fileEncoding = 4; lastKnownFileType = sourcecode.swift; path = CustomCell.swift; sourceTree = "<group>"; };
		FA25E4F41D365A0500D0A634 /* CurrencyView.swift */ = {isa = PBXFileReference; fileEncoding = 4; lastKnownFileType = sourcecode.swift; path = CurrencyView.swift; sourceTree = "<group>"; };
		FA2B40941D48BDD40037C631 /* MapController.swift */ = {isa = PBXFileReference; fileEncoding = 4; lastKnownFileType = sourcecode.swift; path = MapController.swift; sourceTree = "<group>"; };
		FA2B40961D48BE850037C631 /* MapKit.framework */ = {isa = PBXFileReference; lastKnownFileType = wrapper.framework; name = MapKit.framework; path = System/Library/Frameworks/MapKit.framework; sourceTree = SDKROOT; };
		FA44A7A21D3CF98400CDA0BA /* BankInfoController.swift */ = {isa = PBXFileReference; fileEncoding = 4; lastKnownFileType = sourcecode.swift; path = BankInfoController.swift; sourceTree = "<group>"; };
		FA44A7A41D3CFB8F00CDA0BA /* Fin33API.swift */ = {isa = PBXFileReference; fileEncoding = 4; lastKnownFileType = sourcecode.swift; path = Fin33API.swift; sourceTree = "<group>"; };
		FA4F49F41D414680004F89F1 /* FinParcer.entitlements */ = {isa = PBXFileReference; lastKnownFileType = text.xml; path = FinParcer.entitlements; sourceTree = "<group>"; };
		FA951BEB1D34363500B72E51 /* FinParcer.app */ = {isa = PBXFileReference; explicitFileType = wrapper.application; includeInIndex = 0; path = FinParcer.app; sourceTree = BUILT_PRODUCTS_DIR; };
		FA951BEE1D34363500B72E51 /* AppDelegate.swift */ = {isa = PBXFileReference; lastKnownFileType = sourcecode.swift; path = AppDelegate.swift; sourceTree = "<group>"; };
		FA951BF01D34363500B72E51 /* ViewController.swift */ = {isa = PBXFileReference; lastKnownFileType = sourcecode.swift; path = ViewController.swift; sourceTree = "<group>"; };
		FA951BF31D34363500B72E51 /* Base */ = {isa = PBXFileReference; lastKnownFileType = file.storyboard; name = Base; path = Base.lproj/Main.storyboard; sourceTree = "<group>"; };
		FA951BF81D34363500B72E51 /* Base */ = {isa = PBXFileReference; lastKnownFileType = file.storyboard; name = Base; path = Base.lproj/LaunchScreen.storyboard; sourceTree = "<group>"; };
		FA951BFA1D34363500B72E51 /* Info.plist */ = {isa = PBXFileReference; lastKnownFileType = text.plist.xml; path = Info.plist; sourceTree = "<group>"; };
		FAC678F71D4A0DCB00FC5507 /* CustomAnnotation.swift */ = {isa = PBXFileReference; fileEncoding = 4; lastKnownFileType = sourcecode.swift; path = CustomAnnotation.swift; sourceTree = "<group>"; };
		FAC678F91D4A177300FC5507 /* Media.xcassets */ = {isa = PBXFileReference; lastKnownFileType = folder.assetcatalog; name = Media.xcassets; path = ../Media.xcassets; sourceTree = "<group>"; };
/* End PBXFileReference section */

/* Begin PBXFrameworksBuildPhase section */
		FA951BE81D34363500B72E51 /* Frameworks */ = {
			isa = PBXFrameworksBuildPhase;
			buildActionMask = 2147483647;
			files = (
				FA2B40971D48BE850037C631 /* MapKit.framework in Frameworks */,
				9E83AFC46EF507E365578BFB /* Pods_FinParcer.framework in Frameworks */,
			);
			runOnlyForDeploymentPostprocessing = 0;
		};
/* End PBXFrameworksBuildPhase section */

/* Begin PBXGroup section */
		F35FA1CF44C2AE906F81E4CC /* Pods */ = {
			isa = PBXGroup;
			children = (
				07DFC73FBE5D670721045CF2 /* Pods-FinParcer.debug.xcconfig */,
				5DAD4A683FAD13FB0004EDE7 /* Pods-FinParcer.release.xcconfig */,
			);
			name = Pods;
			sourceTree = "<group>";
		};
		F899F804B36F2F7347E781BA /* Frameworks */ = {
			isa = PBXGroup;
			children = (
				FA2B40961D48BE850037C631 /* MapKit.framework */,
				B643C57DB3BD3A3A06BCF45D /* Pods_FinParcer.framework */,
			);
			name = Frameworks;
			sourceTree = "<group>";
		};
		FA951BE21D34363400B72E51 = {
			isa = PBXGroup;
			children = (
				FA951BED1D34363500B72E51 /* FinParcer */,
				FA951BEC1D34363500B72E51 /* Products */,
				F35FA1CF44C2AE906F81E4CC /* Pods */,
				F899F804B36F2F7347E781BA /* Frameworks */,
			);
			sourceTree = "<group>";
		};
		FA951BEC1D34363500B72E51 /* Products */ = {
			isa = PBXGroup;
			children = (
				FA951BEB1D34363500B72E51 /* FinParcer.app */,
			);
			name = Products;
			sourceTree = "<group>";
		};
		FA951BED1D34363500B72E51 /* FinParcer */ = {
			isa = PBXGroup;
			children = (
				FAC678F91D4A177300FC5507 /* Media.xcassets */,
				FA4F49F41D414680004F89F1 /* FinParcer.entitlements */,
				FA951BEE1D34363500B72E51 /* AppDelegate.swift */,
				FA951BF01D34363500B72E51 /* ViewController.swift */,
				FA44A7A21D3CF98400CDA0BA /* BankInfoController.swift */,
				FA2B40941D48BDD40037C631 /* MapController.swift */,
				FAC678F71D4A0DCB00FC5507 /* CustomAnnotation.swift */,
				FA25E4ED1D362CBC00D0A634 /* DataInfo.swift */,
				FA25E4F01D36520000D0A634 /* CustomCell.swift */,
				FA25E4F41D365A0500D0A634 /* CurrencyView.swift */,
				FA951BF21D34363500B72E51 /* Main.storyboard */,
				FA44A7A41D3CFB8F00CDA0BA /* Fin33API.swift */,
				FA951BF71D34363500B72E51 /* LaunchScreen.storyboard */,
				FA951BFA1D34363500B72E51 /* Info.plist */,
			);
			path = FinParcer;
			sourceTree = "<group>";
		};
/* End PBXGroup section */

/* Begin PBXNativeTarget section */
		FA951BEA1D34363500B72E51 /* FinParcer */ = {
			isa = PBXNativeTarget;
			buildConfigurationList = FA951BFD1D34363500B72E51 /* Build configuration list for PBXNativeTarget "FinParcer" */;
			buildPhases = (
				66764947DED156CE37A40050 /* [CP] Check Pods Manifest.lock */,
				FA951BE71D34363500B72E51 /* Sources */,
				FA951BE81D34363500B72E51 /* Frameworks */,
				FA951BE91D34363500B72E51 /* Resources */,
				6B487B01B648D3F28BDD9DF9 /* [CP] Embed Pods Frameworks */,
				416149A90A37F556A00FBAD6 /* [CP] Copy Pods Resources */,
			);
			buildRules = (
			);
			dependencies = (
			);
			name = FinParcer;
			productName = FinParcer;
			productReference = FA951BEB1D34363500B72E51 /* FinParcer.app */;
			productType = "com.apple.product-type.application";
		};
/* End PBXNativeTarget section */

/* Begin PBXProject section */
		FA951BE31D34363400B72E51 /* Project object */ = {
			isa = PBXProject;
			attributes = {
				LastSwiftUpdateCheck = 0720;
				LastUpgradeCheck = 0720;
				ORGANIZATIONNAME = macbook;
				TargetAttributes = {
					FA951BEA1D34363500B72E51 = {
						CreatedOnToolsVersion = 7.2;
						DevelopmentTeam = FD6ZML48V9;
						LastSwiftMigration = 0800;
						SystemCapabilities = {
							com.apple.ApplicationGroups.iOS = {
								enabled = 1;
							};
							com.apple.Maps.iOS = {
								enabled = 1;
							};
						};
					};
				};
			};
			buildConfigurationList = FA951BE61D34363400B72E51 /* Build configuration list for PBXProject "FinParcer" */;
			compatibilityVersion = "Xcode 3.2";
			developmentRegion = English;
			hasScannedForEncodings = 0;
			knownRegions = (
				en,
				Base,
			);
			mainGroup = FA951BE21D34363400B72E51;
			productRefGroup = FA951BEC1D34363500B72E51 /* Products */;
			projectDirPath = "";
			projectRoot = "";
			targets = (
				FA951BEA1D34363500B72E51 /* FinParcer */,
			);
		};
/* End PBXProject section */

/* Begin PBXResourcesBuildPhase section */
		FA951BE91D34363500B72E51 /* Resources */ = {
			isa = PBXResourcesBuildPhase;
			buildActionMask = 2147483647;
			files = (
				FA951BF91D34363500B72E51 /* LaunchScreen.storyboard in Resources */,
				FAC678FA1D4A177300FC5507 /* Media.xcassets in Resources */,
				FA951BF41D34363500B72E51 /* Main.storyboard in Resources */,
			);
			runOnlyForDeploymentPostprocessing = 0;
		};
/* End PBXResourcesBuildPhase section */

/* Begin PBXShellScriptBuildPhase section */
		416149A90A37F556A00FBAD6 /* [CP] Copy Pods Resources */ = {
			isa = PBXShellScriptBuildPhase;
			buildActionMask = 2147483647;
			files = (
			);
			inputPaths = (
			);
			name = "[CP] Copy Pods Resources";
			outputPaths = (
			);
			runOnlyForDeploymentPostprocessing = 0;
			shellPath = /bin/sh;
			shellScript = "\"${SRCROOT}/Pods/Target Support Files/Pods-FinParcer/Pods-FinParcer-resources.sh\"\n";
			showEnvVarsInLog = 0;
		};
		66764947DED156CE37A40050 /* [CP] Check Pods Manifest.lock */ = {
			isa = PBXShellScriptBuildPhase;
			buildActionMask = 2147483647;
			files = (
			);
			inputPaths = (
			);
			name = "[CP] Check Pods Manifest.lock";
			outputPaths = (
			);
			runOnlyForDeploymentPostprocessing = 0;
			shellPath = /bin/sh;
			shellScript = "diff \"${PODS_ROOT}/../Podfile.lock\" \"${PODS_ROOT}/Manifest.lock\" > /dev/null\nif [[ $? != 0 ]] ; then\n    cat << EOM\nerror: The sandbox is not in sync with the Podfile.lock. Run 'pod install' or update your CocoaPods installation.\nEOM\n    exit 1\nfi\n";
			showEnvVarsInLog = 0;
		};
		6B487B01B648D3F28BDD9DF9 /* [CP] Embed Pods Frameworks */ = {
			isa = PBXShellScriptBuildPhase;
			buildActionMask = 2147483647;
			files = (
			);
			inputPaths = (
			);
			name = "[CP] Embed Pods Frameworks";
			outputPaths = (
			);
			runOnlyForDeploymentPostprocessing = 0;
			shellPath = /bin/sh;
			shellScript = "\"${SRCROOT}/Pods/Target Support Files/Pods-FinParcer/Pods-FinParcer-frameworks.sh\"\n";
			showEnvVarsInLog = 0;
		};
/* End PBXShellScriptBuildPhase section */

/* Begin PBXSourcesBuildPhase section */
		FA951BE71D34363500B72E51 /* Sources */ = {
			isa = PBXSourcesBuildPhase;
			buildActionMask = 2147483647;
			files = (
				FA2B40951D48BDD40037C631 /* MapController.swift in Sources */,
				FA951BF11D34363500B72E51 /* ViewController.swift in Sources */,
				FAC678F81D4A0DCB00FC5507 /* CustomAnnotation.swift in Sources */,
				FA44A7A31D3CF98400CDA0BA /* BankInfoController.swift in Sources */,
				FA25E4F51D365A0500D0A634 /* CurrencyView.swift in Sources */,
				FA25E4EE1D362CBC00D0A634 /* DataInfo.swift in Sources */,
				FA44A7A51D3CFB8F00CDA0BA /* Fin33API.swift in Sources */,
				FA25E4F11D36520000D0A634 /* CustomCell.swift in Sources */,
				FA951BEF1D34363500B72E51 /* AppDelegate.swift in Sources */,
			);
			runOnlyForDeploymentPostprocessing = 0;
		};
/* End PBXSourcesBuildPhase section */

/* Begin PBXVariantGroup section */
		FA951BF21D34363500B72E51 /* Main.storyboard */ = {
			isa = PBXVariantGroup;
			children = (
				FA951BF31D34363500B72E51 /* Base */,
			);
			name = Main.storyboard;
			sourceTree = "<group>";
		};
		FA951BF71D34363500B72E51 /* LaunchScreen.storyboard */ = {
			isa = PBXVariantGroup;
			children = (
				FA951BF81D34363500B72E51 /* Base */,
			);
			name = LaunchScreen.storyboard;
			sourceTree = "<group>";
		};
/* End PBXVariantGroup section */

/* Begin XCBuildConfiguration section */
		FA951BFB1D34363500B72E51 /* Debug */ = {
			isa = XCBuildConfiguration;
			buildSettings = {
				ALWAYS_SEARCH_USER_PATHS = NO;
				CLANG_CXX_LANGUAGE_STANDARD = "gnu++0x";
				CLANG_CXX_LIBRARY = "libc++";
				CLANG_ENABLE_MODULES = YES;
				CLANG_ENABLE_OBJC_ARC = YES;
				CLANG_WARN_BOOL_CONVERSION = YES;
				CLANG_WARN_CONSTANT_CONVERSION = YES;
				CLANG_WARN_DIRECT_OBJC_ISA_USAGE = YES_ERROR;
				CLANG_WARN_EMPTY_BODY = YES;
				CLANG_WARN_ENUM_CONVERSION = YES;
				CLANG_WARN_INT_CONVERSION = YES;
				CLANG_WARN_OBJC_ROOT_CLASS = YES_ERROR;
				CLANG_WARN_UNREACHABLE_CODE = YES;
				CLANG_WARN__DUPLICATE_METHOD_MATCH = YES;
				"CODE_SIGN_IDENTITY[sdk=iphoneos*]" = "iPhone Developer";
				COPY_PHASE_STRIP = NO;
				DEBUG_INFORMATION_FORMAT = dwarf;
				ENABLE_STRICT_OBJC_MSGSEND = YES;
				ENABLE_TESTABILITY = YES;
				GCC_C_LANGUAGE_STANDARD = gnu99;
				GCC_DYNAMIC_NO_PIC = NO;
				GCC_NO_COMMON_BLOCKS = YES;
				GCC_OPTIMIZATION_LEVEL = 0;
				GCC_PREPROCESSOR_DEFINITIONS = (
					"DEBUG=1",
					"$(inherited)",
				);
				GCC_WARN_64_TO_32_BIT_CONVERSION = YES;
				GCC_WARN_ABOUT_RETURN_TYPE = YES_ERROR;
				GCC_WARN_UNDECLARED_SELECTOR = YES;
				GCC_WARN_UNINITIALIZED_AUTOS = YES_AGGRESSIVE;
				GCC_WARN_UNUSED_FUNCTION = YES;
				GCC_WARN_UNUSED_VARIABLE = YES;
				IPHONEOS_DEPLOYMENT_TARGET = 9.2;
				MTL_ENABLE_DEBUG_INFO = YES;
				ONLY_ACTIVE_ARCH = YES;
				SDKROOT = iphoneos;
				SWIFT_OPTIMIZATION_LEVEL = "-Onone";
			};
			name = Debug;
		};
		FA951BFC1D34363500B72E51 /* Release */ = {
			isa = XCBuildConfiguration;
			buildSettings = {
				ALWAYS_SEARCH_USER_PATHS = NO;
				CLANG_CXX_LANGUAGE_STANDARD = "gnu++0x";
				CLANG_CXX_LIBRARY = "libc++";
				CLANG_ENABLE_MODULES = YES;
				CLANG_ENABLE_OBJC_ARC = YES;
				CLANG_WARN_BOOL_CONVERSION = YES;
				CLANG_WARN_CONSTANT_CONVERSION = YES;
				CLANG_WARN_DIRECT_OBJC_ISA_USAGE = YES_ERROR;
				CLANG_WARN_EMPTY_BODY = YES;
				CLANG_WARN_ENUM_CONVERSION = YES;
				CLANG_WARN_INT_CONVERSION = YES;
				CLANG_WARN_OBJC_ROOT_CLASS = YES_ERROR;
				CLANG_WARN_UNREACHABLE_CODE = YES;
				CLANG_WARN__DUPLICATE_METHOD_MATCH = YES;
				"CODE_SIGN_IDENTITY[sdk=iphoneos*]" = "iPhone Developer";
				COPY_PHASE_STRIP = NO;
				DEBUG_INFORMATION_FORMAT = "dwarf-with-dsym";
				ENABLE_NS_ASSERTIONS = NO;
				ENABLE_STRICT_OBJC_MSGSEND = YES;
				GCC_C_LANGUAGE_STANDARD = gnu99;
				GCC_NO_COMMON_BLOCKS = YES;
				GCC_WARN_64_TO_32_BIT_CONVERSION = YES;
				GCC_WARN_ABOUT_RETURN_TYPE = YES_ERROR;
				GCC_WARN_UNDECLARED_SELECTOR = YES;
				GCC_WARN_UNINITIALIZED_AUTOS = YES_AGGRESSIVE;
				GCC_WARN_UNUSED_FUNCTION = YES;
				GCC_WARN_UNUSED_VARIABLE = YES;
				IPHONEOS_DEPLOYMENT_TARGET = 9.2;
				MTL_ENABLE_DEBUG_INFO = NO;
				SDKROOT = iphoneos;
				VALIDATE_PRODUCT = YES;
			};
			name = Release;
		};
		FA951BFE1D34363500B72E51 /* Debug */ = {
			isa = XCBuildConfiguration;
			baseConfigurationReference = 07DFC73FBE5D670721045CF2 /* Pods-FinParcer.debug.xcconfig */;
			buildSettings = {
				ASSETCATALOG_COMPILER_APPICON_NAME = AppIcon;
				CODE_SIGN_ENTITLEMENTS = FinParcer/FinParcer.entitlements;
				CODE_SIGN_IDENTITY = "iPhone Developer";
				"CODE_SIGN_IDENTITY[sdk=iphoneos*]" = "iPhone Developer";
				INFOPLIST_FILE = FinParcer/Info.plist;
				LD_RUNPATH_SEARCH_PATHS = "$(inherited) @executable_path/Frameworks";
				PRODUCT_BUNDLE_IDENTIFIER = "-.FinParcer";
				PRODUCT_NAME = "$(TARGET_NAME)";
				PROVISIONING_PROFILE = "";
				SWIFT_VERSION = 3.0;
			};
			name = Debug;
		};
		FA951BFF1D34363500B72E51 /* Release */ = {
			isa = XCBuildConfiguration;
			baseConfigurationReference = 5DAD4A683FAD13FB0004EDE7 /* Pods-FinParcer.release.xcconfig */;
			buildSettings = {
				ASSETCATALOG_COMPILER_APPICON_NAME = AppIcon;
				CODE_SIGN_ENTITLEMENTS = FinParcer/FinParcer.entitlements;
				CODE_SIGN_IDENTITY = "iPhone Developer";
				"CODE_SIGN_IDENTITY[sdk=iphoneos*]" = "iPhone Developer";
				INFOPLIST_FILE = FinParcer/Info.plist;
				LD_RUNPATH_SEARCH_PATHS = "$(inherited) @executable_path/Frameworks";
				PRODUCT_BUNDLE_IDENTIFIER = "-.FinParcer";
				PRODUCT_NAME = "$(TARGET_NAME)";
				PROVISIONING_PROFILE = "";
				SWIFT_VERSION = 3.0;
			};
			name = Release;
		};
/* End XCBuildConfiguration section */

/* Begin XCConfigurationList section */
		FA951BE61D34363400B72E51 /* Build configuration list for PBXProject "FinParcer" */ = {
			isa = XCConfigurationList;
			buildConfigurations = (
				FA951BFB1D34363500B72E51 /* Debug */,
				FA951BFC1D34363500B72E51 /* Release */,
			);
			defaultConfigurationIsVisible = 0;
			defaultConfigurationName = Release;
		};
		FA951BFD1D34363500B72E51 /* Build configuration list for PBXNativeTarget "FinParcer" */ = {
			isa = XCConfigurationList;
			buildConfigurations = (
				FA951BFE1D34363500B72E51 /* Debug */,
				FA951BFF1D34363500B72E51 /* Release */,
			);
			defaultConfigurationIsVisible = 0;
			defaultConfigurationName = Release;
		};
/* End XCConfigurationList section */
	};
	rootObject = FA951BE31D34363400B72E51 /* Project object */;
}
